
Microsoft Visual Studio Solution File, Format Version 12.00
# Visual Studio Version 17
VisualStudioVersion = 17.5.33424.131
MinimumVisualStudioVersion = 10.0.40219.1
Project("{FAE04EC0-301F-11D3-BF4B-00C04F79EFBC}") = "EstacionServicioWeb", "EstacionServicioWeb\EstacionServicioWeb.csproj", "{B48FBBCB-78F3-4B99-A65F-F36B04958209}"
EndProject
Project("{FAE04EC0-301F-11D3-BF4B-00C04F79EFBC}") = "EstacionServicioModel", "EstacionServicioModel\EstacionServicioModel.csproj", "{9C112703-7BFA-4E39-8021-3B6D260451CC}"
EndProject
Global
	GlobalSection(SolutionConfigurationPlatforms) = preSolution
		Debug|Any CPU = Debug|Any CPU
		Release|Any CPU = Release|Any CPU
	EndGlobalSection
	GlobalSection(ProjectConfigurationPlatforms) = postSolution
		{B48FBBCB-78F3-4B99-A65F-F36B04958209}.Debug|Any CPU.ActiveCfg = Debug|Any CPU
		{B48FBBCB-78F3-4B99-A65F-F36B04958209}.Debug|Any CPU.Build.0 = Debug|Any CPU
		{B48FBBCB-78F3-4B99-A65F-F36B04958209}.Release|Any CPU.ActiveCfg = Release|Any CPU
		{B48FBBCB-78F3-4B99-A65F-F36B04958209}.Release|Any CPU.Build.0 = Release|Any CPU
		{9C112703-7BFA-4E39-8021-3B6D260451CC}.Debug|Any CPU.ActiveCfg = Debug|Any CPU
		{9C112703-7BFA-4E39-8021-3B6D260451CC}.Debug|Any CPU.Build.0 = Debug|Any CPU
		{9C112703-7BFA-4E39-8021-3B6D260451CC}.Release|Any CPU.ActiveCfg = Release|Any CPU
		{9C112703-7BFA-4E39-8021-3B6D260451CC}.Release|Any CPU.Build.0 = Release|Any CPU
	EndGlobalSection
	GlobalSection(SolutionProperties) = preSolution
		HideSolutionNode = FALSE
	EndGlobalSection
	GlobalSection(ExtensibilityGlobals) = postSolution
		SolutionGuid = {2209C399-DDF2-48D1-81EA-5AF5D0CB0107}
	EndGlobalSection
EndGlobal
